// !$*UTF8*$!
{
	archiveVersion = 1;
	classes = {
	};
	objectVersion = 55;
	objects = {

/* Begin PBXBuildFile section */
		3C4391F217B9A22D4BE8C133 /* Pods_Alamofire_Kullanim.framework in Frameworks */ = {isa = PBXBuildFile; fileRef = 7D1E054BE3FBA3F4BC58FA10 /* Pods_Alamofire_Kullanim.framework */; };
		62F868D53D0E1913ECB1CCB6 /* Pods_Alamofire_KullanimTests.framework in Frameworks */ = {isa = PBXBuildFile; fileRef = F0540D9745C898913A89164D /* Pods_Alamofire_KullanimTests.framework */; };
		DE157F1B282279C50081D7C3 /* AppDelegate.swift in Sources */ = {isa = PBXBuildFile; fileRef = DE157F1A282279C50081D7C3 /* AppDelegate.swift */; };
		DE157F1D282279C50081D7C3 /* SceneDelegate.swift in Sources */ = {isa = PBXBuildFile; fileRef = DE157F1C282279C50081D7C3 /* SceneDelegate.swift */; };
		DE157F1F282279C50081D7C3 /* ViewController.swift in Sources */ = {isa = PBXBuildFile; fileRef = DE157F1E282279C50081D7C3 /* ViewController.swift */; };
		DE157F22282279C50081D7C3 /* Main.storyboard in Resources */ = {isa = PBXBuildFile; fileRef = DE157F20282279C50081D7C3 /* Main.storyboard */; };
		DE157F24282279C80081D7C3 /* Assets.xcassets in Resources */ = {isa = PBXBuildFile; fileRef = DE157F23282279C80081D7C3 /* Assets.xcassets */; };
		DE157F27282279C80081D7C3 /* LaunchScreen.storyboard in Resources */ = {isa = PBXBuildFile; fileRef = DE157F25282279C80081D7C3 /* LaunchScreen.storyboard */; };
		DE157F32282279C80081D7C3 /* Alamofire_KullanimTests.swift in Sources */ = {isa = PBXBuildFile; fileRef = DE157F31282279C80081D7C3 /* Alamofire_KullanimTests.swift */; };
		DE157F3C282279C80081D7C3 /* Alamofire_KullanimUITests.swift in Sources */ = {isa = PBXBuildFile; fileRef = DE157F3B282279C80081D7C3 /* Alamofire_KullanimUITests.swift */; };
		DE157F3E282279C80081D7C3 /* Alamofire_KullanimUITestsLaunchTests.swift in Sources */ = {isa = PBXBuildFile; fileRef = DE157F3D282279C80081D7C3 /* Alamofire_KullanimUITestsLaunchTests.swift */; };
		E345BF3F82DC4697F9A6CF3F /* Pods_Alamofire_Kullanim_Alamofire_KullanimUITests.framework in Frameworks */ = {isa = PBXBuildFile; fileRef = 0AFB3299D6E4F6C58E3D1EF6 /* Pods_Alamofire_Kullanim_Alamofire_KullanimUITests.framework */; };
/* End PBXBuildFile section */

/* Begin PBXContainerItemProxy section */
		DE157F2E282279C80081D7C3 /* PBXContainerItemProxy */ = {
			isa = PBXContainerItemProxy;
			containerPortal = DE157F0F282279C50081D7C3 /* Project object */;
			proxyType = 1;
			remoteGlobalIDString = DE157F16282279C50081D7C3;
			remoteInfo = "Alamofire Kullanim";
		};
		DE157F38282279C80081D7C3 /* PBXContainerItemProxy */ = {
			isa = PBXContainerItemProxy;
			containerPortal = DE157F0F282279C50081D7C3 /* Project object */;
			proxyType = 1;
			remoteGlobalIDString = DE157F16282279C50081D7C3;
			remoteInfo = "Alamofire Kullanim";
		};
/* End PBXContainerItemProxy section */

/* Begin PBXFileReference section */
		033DAE199E56CF90FD78BD1F /* Pods-Alamofire KullanimTests.release.xcconfig */ = {isa = PBXFileReference; includeInIndex = 1; lastKnownFileType = text.xcconfig; name = "Pods-Alamofire KullanimTests.release.xcconfig"; path = "Target Support Files/Pods-Alamofire KullanimTests/Pods-Alamofire KullanimTests.release.xcconfig"; sourceTree = "<group>"; };
		0AFB3299D6E4F6C58E3D1EF6 /* Pods_Alamofire_Kullanim_Alamofire_KullanimUITests.framework */ = {isa = PBXFileReference; explicitFileType = wrapper.framework; includeInIndex = 0; path = Pods_Alamofire_Kullanim_Alamofire_KullanimUITests.framework; sourceTree = BUILT_PRODUCTS_DIR; };
		7D1E054BE3FBA3F4BC58FA10 /* Pods_Alamofire_Kullanim.framework */ = {isa = PBXFileReference; explicitFileType = wrapper.framework; includeInIndex = 0; path = Pods_Alamofire_Kullanim.framework; sourceTree = BUILT_PRODUCTS_DIR; };
		826ACFB52510CDBC23912FB3 /* Pods-Alamofire Kullanim-Alamofire KullanimUITests.debug.xcconfig */ = {isa = PBXFileReference; includeInIndex = 1; lastKnownFileType = text.xcconfig; name = "Pods-Alamofire Kullanim-Alamofire KullanimUITests.debug.xcconfig"; path = "Target Support Files/Pods-Alamofire Kullanim-Alamofire KullanimUITests/Pods-Alamofire Kullanim-Alamofire KullanimUITests.debug.xcconfig"; sourceTree = "<group>"; };
		92FCE51B276FB02FCB6DC118 /* Pods-Alamofire Kullanim-Alamofire KullanimUITests.release.xcconfig */ = {isa = PBXFileReference; includeInIndex = 1; lastKnownFileType = text.xcconfig; name = "Pods-Alamofire Kullanim-Alamofire KullanimUITests.release.xcconfig"; path = "Target Support Files/Pods-Alamofire Kullanim-Alamofire KullanimUITests/Pods-Alamofire Kullanim-Alamofire KullanimUITests.release.xcconfig"; sourceTree = "<group>"; };
		B674B5B3B189C6739914DC77 /* Pods-Alamofire KullanimTests.debug.xcconfig */ = {isa = PBXFileReference; includeInIndex = 1; lastKnownFileType = text.xcconfig; name = "Pods-Alamofire KullanimTests.debug.xcconfig"; path = "Target Support Files/Pods-Alamofire KullanimTests/Pods-Alamofire KullanimTests.debug.xcconfig"; sourceTree = "<group>"; };
		D1644AAADDC4C1D775626914 /* Pods-Alamofire Kullanim.release.xcconfig */ = {isa = PBXFileReference; includeInIndex = 1; lastKnownFileType = text.xcconfig; name = "Pods-Alamofire Kullanim.release.xcconfig"; path = "Target Support Files/Pods-Alamofire Kullanim/Pods-Alamofire Kullanim.release.xcconfig"; sourceTree = "<group>"; };
		DE157F17282279C50081D7C3 /* Alamofire Kullanim.app */ = {isa = PBXFileReference; explicitFileType = wrapper.application; includeInIndex = 0; path = "Alamofire Kullanim.app"; sourceTree = BUILT_PRODUCTS_DIR; };
		DE157F1A282279C50081D7C3 /* AppDelegate.swift */ = {isa = PBXFileReference; lastKnownFileType = sourcecode.swift; path = AppDelegate.swift; sourceTree = "<group>"; };
		DE157F1C282279C50081D7C3 /* SceneDelegate.swift */ = {isa = PBXFileReference; lastKnownFileType = sourcecode.swift; path = SceneDelegate.swift; sourceTree = "<group>"; };
		DE157F1E282279C50081D7C3 /* ViewController.swift */ = {isa = PBXFileReference; lastKnownFileType = sourcecode.swift; path = ViewController.swift; sourceTree = "<group>"; };
		DE157F21282279C50081D7C3 /* Base */ = {isa = PBXFileReference; lastKnownFileType = file.storyboard; name = Base; path = Base.lproj/Main.storyboard; sourceTree = "<group>"; };
		DE157F23282279C80081D7C3 /* Assets.xcassets */ = {isa = PBXFileReference; lastKnownFileType = folder.assetcatalog; path = Assets.xcassets; sourceTree = "<group>"; };
		DE157F26282279C80081D7C3 /* Base */ = {isa = PBXFileReference; lastKnownFileType = file.storyboard; name = Base; path = Base.lproj/LaunchScreen.storyboard; sourceTree = "<group>"; };
		DE157F28282279C80081D7C3 /* Info.plist */ = {isa = PBXFileReference; lastKnownFileType = text.plist.xml; path = Info.plist; sourceTree = "<group>"; };
		DE157F2D282279C80081D7C3 /* Alamofire KullanimTests.xctest */ = {isa = PBXFileReference; explicitFileType = wrapper.cfbundle; includeInIndex = 0; path = "Alamofire KullanimTests.xctest"; sourceTree = BUILT_PRODUCTS_DIR; };
		DE157F31282279C80081D7C3 /* Alamofire_KullanimTests.swift */ = {isa = PBXFileReference; lastKnownFileType = sourcecode.swift; path = Alamofire_KullanimTests.swift; sourceTree = "<group>"; };
		DE157F37282279C80081D7C3 /* Alamofire KullanimUITests.xctest */ = {isa = PBXFileReference; explicitFileType = wrapper.cfbundle; includeInIndex = 0; path = "Alamofire KullanimUITests.xctest"; sourceTree = BUILT_PRODUCTS_DIR; };
		DE157F3B282279C80081D7C3 /* Alamofire_KullanimUITests.swift */ = {isa = PBXFileReference; lastKnownFileType = sourcecode.swift; path = Alamofire_KullanimUITests.swift; sourceTree = "<group>"; };
		DE157F3D282279C80081D7C3 /* Alamofire_KullanimUITestsLaunchTests.swift */ = {isa = PBXFileReference; lastKnownFileType = sourcecode.swift; path = Alamofire_KullanimUITestsLaunchTests.swift; sourceTree = "<group>"; };
		EE8FF3B1B82D973A8D2D3105 /* Pods-Alamofire Kullanim.debug.xcconfig */ = {isa = PBXFileReference; includeInIndex = 1; lastKnownFileType = text.xcconfig; name = "Pods-Alamofire Kullanim.debug.xcconfig"; path = "Target Support Files/Pods-Alamofire Kullanim/Pods-Alamofire Kullanim.debug.xcconfig"; sourceTree = "<group>"; };
		F0540D9745C898913A89164D /* Pods_Alamofire_KullanimTests.framework */ = {isa = PBXFileReference; explicitFileType = wrapper.framework; includeInIndex = 0; path = Pods_Alamofire_KullanimTests.framework; sourceTree = BUILT_PRODUCTS_DIR; };
/* End PBXFileReference section */

/* Begin PBXFrameworksBuildPhase section */
		DE157F14282279C50081D7C3 /* Frameworks */ = {
			isa = PBXFrameworksBuildPhase;
			buildActionMask = 2147483647;
			files = (
				3C4391F217B9A22D4BE8C133 /* Pods_Alamofire_Kullanim.framework in Frameworks */,
			);
			runOnlyForDeploymentPostprocessing = 0;
		};
		DE157F2A282279C80081D7C3 /* Frameworks */ = {
			isa = PBXFrameworksBuildPhase;
			buildActionMask = 2147483647;
			files = (
				62F868D53D0E1913ECB1CCB6 /* Pods_Alamofire_KullanimTests.framework in Frameworks */,
			);
			runOnlyForDeploymentPostprocessing = 0;
		};
		DE157F34282279C80081D7C3 /* Frameworks */ = {
			isa = PBXFrameworksBuildPhase;
			buildActionMask = 2147483647;
			files = (
				E345BF3F82DC4697F9A6CF3F /* Pods_Alamofire_Kullanim_Alamofire_KullanimUITests.framework in Frameworks */,
			);
			runOnlyForDeploymentPostprocessing = 0;
		};
/* End PBXFrameworksBuildPhase section */

/* Begin PBXGroup section */
		4742931E3E257428ECCE3249 /* Frameworks */ = {
			isa = PBXGroup;
			children = (
				7D1E054BE3FBA3F4BC58FA10 /* Pods_Alamofire_Kullanim.framework */,
				0AFB3299D6E4F6C58E3D1EF6 /* Pods_Alamofire_Kullanim_Alamofire_KullanimUITests.framework */,
				F0540D9745C898913A89164D /* Pods_Alamofire_KullanimTests.framework */,
			);
			name = Frameworks;
			sourceTree = "<group>";
		};
		C31C2B7D66C3A070BCA2F64A /* Pods */ = {
			isa = PBXGroup;
			children = (
				EE8FF3B1B82D973A8D2D3105 /* Pods-Alamofire Kullanim.debug.xcconfig */,
				D1644AAADDC4C1D775626914 /* Pods-Alamofire Kullanim.release.xcconfig */,
				826ACFB52510CDBC23912FB3 /* Pods-Alamofire Kullanim-Alamofire KullanimUITests.debug.xcconfig */,
				92FCE51B276FB02FCB6DC118 /* Pods-Alamofire Kullanim-Alamofire KullanimUITests.release.xcconfig */,
				B674B5B3B189C6739914DC77 /* Pods-Alamofire KullanimTests.debug.xcconfig */,
				033DAE199E56CF90FD78BD1F /* Pods-Alamofire KullanimTests.release.xcconfig */,
			);
			name = Pods;
			path = Pods;
			sourceTree = "<group>";
		};
		DE157F0E282279C50081D7C3 = {
			isa = PBXGroup;
			children = (
				DE157F19282279C50081D7C3 /* Alamofire Kullanim */,
				DE157F30282279C80081D7C3 /* Alamofire KullanimTests */,
				DE157F3A282279C80081D7C3 /* Alamofire KullanimUITests */,
				DE157F18282279C50081D7C3 /* Products */,
				C31C2B7D66C3A070BCA2F64A /* Pods */,
				4742931E3E257428ECCE3249 /* Frameworks */,
			);
			sourceTree = "<group>";
		};
		DE157F18282279C50081D7C3 /* Products */ = {
			isa = PBXGroup;
			children = (
				DE157F17282279C50081D7C3 /* Alamofire Kullanim.app */,
				DE157F2D282279C80081D7C3 /* Alamofire KullanimTests.xctest */,
				DE157F37282279C80081D7C3 /* Alamofire KullanimUITests.xctest */,
			);
			name = Products;
			sourceTree = "<group>";
		};
		DE157F19282279C50081D7C3 /* Alamofire Kullanim */ = {
			isa = PBXGroup;
			children = (
				DE157F1A282279C50081D7C3 /* AppDelegate.swift */,
				DE157F1C282279C50081D7C3 /* SceneDelegate.swift */,
				DE157F1E282279C50081D7C3 /* ViewController.swift */,
				DE157F20282279C50081D7C3 /* Main.storyboard */,
				DE157F23282279C80081D7C3 /* Assets.xcassets */,
				DE157F25282279C80081D7C3 /* LaunchScreen.storyboard */,
				DE157F28282279C80081D7C3 /* Info.plist */,
			);
			path = "Alamofire Kullanim";
			sourceTree = "<group>";
		};
		DE157F30282279C80081D7C3 /* Alamofire KullanimTests */ = {
			isa = PBXGroup;
			children = (
				DE157F31282279C80081D7C3 /* Alamofire_KullanimTests.swift */,
			);
			path = "Alamofire KullanimTests";
			sourceTree = "<group>";
		};
		DE157F3A282279C80081D7C3 /* Alamofire KullanimUITests */ = {
			isa = PBXGroup;
			children = (
				DE157F3B282279C80081D7C3 /* Alamofire_KullanimUITests.swift */,
				DE157F3D282279C80081D7C3 /* Alamofire_KullanimUITestsLaunchTests.swift */,
			);
			path = "Alamofire KullanimUITests";
			sourceTree = "<group>";
		};
/* End PBXGroup section */

/* Begin PBXNativeTarget section */
		DE157F16282279C50081D7C3 /* Alamofire Kullanim */ = {
			isa = PBXNativeTarget;
			buildConfigurationList = DE157F41282279C80081D7C3 /* Build configuration list for PBXNativeTarget "Alamofire Kullanim" */;
			buildPhases = (
				15DC36E69AB379762B90F2AB /* [CP] Check Pods Manifest.lock */,
				DE157F13282279C50081D7C3 /* Sources */,
				DE157F14282279C50081D7C3 /* Frameworks */,
				DE157F15282279C50081D7C3 /* Resources */,
				E2DE4D3DCAFD81C3DFE88F9B /* [CP] Embed Pods Frameworks */,
			);
			buildRules = (
			);
			dependencies = (
			);
			name = "Alamofire Kullanim";
			productName = "Alamofire Kullanim";
			productReference = DE157F17282279C50081D7C3 /* Alamofire Kullanim.app */;
			productType = "com.apple.product-type.application";
		};
		DE157F2C282279C80081D7C3 /* Alamofire KullanimTests */ = {
			isa = PBXNativeTarget;
			buildConfigurationList = DE157F44282279C80081D7C3 /* Build configuration list for PBXNativeTarget "Alamofire KullanimTests" */;
			buildPhases = (
				6CF2CB45F2D73B40AD09F8E1 /* [CP] Check Pods Manifest.lock */,
				DE157F29282279C80081D7C3 /* Sources */,
				DE157F2A282279C80081D7C3 /* Frameworks */,
				DE157F2B282279C80081D7C3 /* Resources */,
			);
			buildRules = (
			);
			dependencies = (
				DE157F2F282279C80081D7C3 /* PBXTargetDependency */,
			);
			name = "Alamofire KullanimTests";
			productName = "Alamofire KullanimTests";
			productReference = DE157F2D282279C80081D7C3 /* Alamofire KullanimTests.xctest */;
			productType = "com.apple.product-type.bundle.unit-test";
		};
		DE157F36282279C80081D7C3 /* Alamofire KullanimUITests */ = {
			isa = PBXNativeTarget;
			buildConfigurationList = DE157F47282279C80081D7C3 /* Build configuration list for PBXNativeTarget "Alamofire KullanimUITests" */;
			buildPhases = (
				26308A073F8F32E78A4F7354 /* [CP] Check Pods Manifest.lock */,
				DE157F33282279C80081D7C3 /* Sources */,
				DE157F34282279C80081D7C3 /* Frameworks */,
				DE157F35282279C80081D7C3 /* Resources */,
				D55FA10B016199B6BB64031C /* [CP] Embed Pods Frameworks */,
			);
			buildRules = (
			);
			dependencies = (
				DE157F39282279C80081D7C3 /* PBXTargetDependency */,
			);
			name = "Alamofire KullanimUITests";
			productName = "Alamofire KullanimUITests";
			productReference = DE157F37282279C80081D7C3 /* Alamofire KullanimUITests.xctest */;
			productType = "com.apple.product-type.bundle.ui-testing";
		};
/* End PBXNativeTarget section */

/* Begin PBXProject section */
		DE157F0F282279C50081D7C3 /* Project object */ = {
			isa = PBXProject;
			attributes = {
				BuildIndependentTargetsInParallel = 1;
				LastSwiftUpdateCheck = 1320;
				LastUpgradeCheck = 1320;
				TargetAttributes = {
					DE157F16282279C50081D7C3 = {
						CreatedOnToolsVersion = 13.2.1;
					};
					DE157F2C282279C80081D7C3 = {
						CreatedOnToolsVersion = 13.2.1;
						TestTargetID = DE157F16282279C50081D7C3;
					};
					DE157F36282279C80081D7C3 = {
						CreatedOnToolsVersion = 13.2.1;
						TestTargetID = DE157F16282279C50081D7C3;
					};
				};
			};
			buildConfigurationList = DE157F12282279C50081D7C3 /* Build configuration list for PBXProject "Alamofire Kullanim" */;
			compatibilityVersion = "Xcode 13.0";
			developmentRegion = en;
			hasScannedForEncodings = 0;
			knownRegions = (
				en,
				Base,
			);
			mainGroup = DE157F0E282279C50081D7C3;
			productRefGroup = DE157F18282279C50081D7C3 /* Products */;
			projectDirPath = "";
			projectRoot = "";
			targets = (
				DE157F16282279C50081D7C3 /* Alamofire Kullanim */,
				DE157F2C282279C80081D7C3 /* Alamofire KullanimTests */,
				DE157F36282279C80081D7C3 /* Alamofire KullanimUITests */,
			);
		};
/* End PBXProject section */

/* Begin PBXResourcesBuildPhase section */
		DE157F15282279C50081D7C3 /* Resources */ = {
			isa = PBXResourcesBuildPhase;
			buildActionMask = 2147483647;
			files = (
				DE157F27282279C80081D7C3 /* LaunchScreen.storyboard in Resources */,
				DE157F24282279C80081D7C3 /* Assets.xcassets in Resources */,
				DE157F22282279C50081D7C3 /* Main.storyboard in Resources */,
			);
			runOnlyForDeploymentPostprocessing = 0;
		};
		DE157F2B282279C80081D7C3 /* Resources */ = {
			isa = PBXResourcesBuildPhase;
			buildActionMask = 2147483647;
			files = (
			);
			runOnlyForDeploymentPostprocessing = 0;
		};
		DE157F35282279C80081D7C3 /* Resources */ = {
			isa = PBXResourcesBuildPhase;
			buildActionMask = 2147483647;
			files = (
			);
			runOnlyForDeploymentPostprocessing = 0;
		};
/* End PBXResourcesBuildPhase section */

/* Begin PBXShellScriptBuildPhase section */
		15DC36E69AB379762B90F2AB /* [CP] Check Pods Manifest.lock */ = {
			isa = PBXShellScriptBuildPhase;
			buildActionMask = 2147483647;
			files = (
			);
			inputFileListPaths = (
			);
			inputPaths = (
				"${PODS_PODFILE_DIR_PATH}/Podfile.lock",
				"${PODS_ROOT}/Manifest.lock",
			);
			name = "[CP] Check Pods Manifest.lock";
			outputFileListPaths = (
			);
			outputPaths = (
				"$(DERIVED_FILE_DIR)/Pods-Alamofire Kullanim-checkManifestLockResult.txt",
			);
			runOnlyForDeploymentPostprocessing = 0;
			shellPath = /bin/sh;
			shellScript = "diff \"${PODS_PODFILE_DIR_PATH}/Podfile.lock\" \"${PODS_ROOT}/Manifest.lock\" > /dev/null\nif [ $? != 0 ] ; then\n    # print error to STDERR\n    echo \"error: The sandbox is not in sync with the Podfile.lock. Run 'pod install' or update your CocoaPods installation.\" >&2\n    exit 1\nfi\n# This output is used by Xcode 'outputs' to avoid re-running this script phase.\necho \"SUCCESS\" > \"${SCRIPT_OUTPUT_FILE_0}\"\n";
			showEnvVarsInLog = 0;
		};
		26308A073F8F32E78A4F7354 /* [CP] Check Pods Manifest.lock */ = {
			isa = PBXShellScriptBuildPhase;
			buildActionMask = 2147483647;
			files = (
			);
			inputFileListPaths = (
			);
			inputPaths = (
				"${PODS_PODFILE_DIR_PATH}/Podfile.lock",
				"${PODS_ROOT}/Manifest.lock",
			);
			name = "[CP] Check Pods Manifest.lock";
			outputFileListPaths = (
			);
			outputPaths = (
				"$(DERIVED_FILE_DIR)/Pods-Alamofire Kullanim-Alamofire KullanimUITests-checkManifestLockResult.txt",
			);
			runOnlyForDeploymentPostprocessing = 0;
			shellPath = /bin/sh;
			shellScript = "diff \"${PODS_PODFILE_DIR_PATH}/Podfile.lock\" \"${PODS_ROOT}/Manifest.lock\" > /dev/null\nif [ $? != 0 ] ; then\n    # print error to STDERR\n    echo \"error: The sandbox is not in sync with the Podfile.lock. Run 'pod install' or update your CocoaPods installation.\" >&2\n    exit 1\nfi\n# This output is used by Xcode 'outputs' to avoid re-running this script phase.\necho \"SUCCESS\" > \"${SCRIPT_OUTPUT_FILE_0}\"\n";
			showEnvVarsInLog = 0;
		};
		6CF2CB45F2D73B40AD09F8E1 /* [CP] Check Pods Manifest.lock */ = {
			isa = PBXShellScriptBuildPhase;
			buildActionMask = 2147483647;
			files = (
			);
			inputFileListPaths = (
			);
			inputPaths = (
				"${PODS_PODFILE_DIR_PATH}/Podfile.lock",
				"${PODS_ROOT}/Manifest.lock",
			);
			name = "[CP] Check Pods Manifest.lock";
			outputFileListPaths = (
			);
			outputPaths = (
				"$(DERIVED_FILE_DIR)/Pods-Alamofire KullanimTests-checkManifestLockResult.txt",
			);
			runOnlyForDeploymentPostprocessing = 0;
			shellPath = /bin/sh;
			shellScript = "diff \"${PODS_PODFILE_DIR_PATH}/Podfile.lock\" \"${PODS_ROOT}/Manifest.lock\" > /dev/null\nif [ $? != 0 ] ; then\n    # print error to STDERR\n    echo \"error: The sandbox is not in sync with the Podfile.lock. Run 'pod install' or update your CocoaPods installation.\" >&2\n    exit 1\nfi\n# This output is used by Xcode 'outputs' to avoid re-running this script phase.\necho \"SUCCESS\" > \"${SCRIPT_OUTPUT_FILE_0}\"\n";
			showEnvVarsInLog = 0;
		};
		D55FA10B016199B6BB64031C /* [CP] Embed Pods Frameworks */ = {
			isa = PBXShellScriptBuildPhase;
			buildActionMask = 2147483647;
			files = (
			);
			inputFileListPaths = (
				"${PODS_ROOT}/Target Support Files/Pods-Alamofire Kullanim-Alamofire KullanimUITests/Pods-Alamofire Kullanim-Alamofire KullanimUITests-frameworks-${CONFIGURATION}-input-files.xcfilelist",
			);
			name = "[CP] Embed Pods Frameworks";
			outputFileListPaths = (
				"${PODS_ROOT}/Target Support Files/Pods-Alamofire Kullanim-Alamofire KullanimUITests/Pods-Alamofire Kullanim-Alamofire KullanimUITests-frameworks-${CONFIGURATION}-output-files.xcfilelist",
			);
			runOnlyForDeploymentPostprocessing = 0;
			shellPath = /bin/sh;
			shellScript = "\"${PODS_ROOT}/Target Support Files/Pods-Alamofire Kullanim-Alamofire KullanimUITests/Pods-Alamofire Kullanim-Alamofire KullanimUITests-frameworks.sh\"\n";
			showEnvVarsInLog = 0;
		};
		E2DE4D3DCAFD81C3DFE88F9B /* [CP] Embed Pods Frameworks */ = {
			isa = PBXShellScriptBuildPhase;
			buildActionMask = 2147483647;
			files = (
			);
			inputFileListPaths = (
				"${PODS_ROOT}/Target Support Files/Pods-Alamofire Kullanim/Pods-Alamofire Kullanim-frameworks-${CONFIGURATION}-input-files.xcfilelist",
			);
			name = "[CP] Embed Pods Frameworks";
			outputFileListPaths = (
				"${PODS_ROOT}/Target Support Files/Pods-Alamofire Kullanim/Pods-Alamofire Kullanim-frameworks-${CONFIGURATION}-output-files.xcfilelist",
			);
			runOnlyForDeploymentPostprocessing = 0;
			shellPath = /bin/sh;
			shellScript = "\"${PODS_ROOT}/Target Support Files/Pods-Alamofire Kullanim/Pods-Alamofire Kullanim-frameworks.sh\"\n";
			showEnvVarsInLog = 0;
		};
/* End PBXShellScriptBuildPhase section */

/* Begin PBXSourcesBuildPhase section */
		DE157F13282279C50081D7C3 /* Sources */ = {
			isa = PBXSourcesBuildPhase;
			buildActionMask = 2147483647;
			files = (
				DE157F1F282279C50081D7C3 /* ViewController.swift in Sources */,
				DE157F1B282279C50081D7C3 /* AppDelegate.swift in Sources */,
				DE157F1D282279C50081D7C3 /* SceneDelegate.swift in Sources */,
			);
			runOnlyForDeploymentPostprocessing = 0;
		};
		DE157F29282279C80081D7C3 /* Sources */ = {
			isa = PBXSourcesBuildPhase;
			buildActionMask = 2147483647;
			files = (
				DE157F32282279C80081D7C3 /* Alamofire_KullanimTests.swift in Sources */,
			);
			runOnlyForDeploymentPostprocessing = 0;
		};
		DE157F33282279C80081D7C3 /* Sources */ = {
			isa = PBXSourcesBuildPhase;
			buildActionMask = 2147483647;
			files = (
				DE157F3E282279C80081D7C3 /* Alamofire_KullanimUITestsLaunchTests.swift in Sources */,
				DE157F3C282279C80081D7C3 /* Alamofire_KullanimUITests.swift in Sources */,
			);
			runOnlyForDeploymentPostprocessing = 0;
		};
/* End PBXSourcesBuildPhase section */

/* Begin PBXTargetDependency section */
		DE157F2F282279C80081D7C3 /* PBXTargetDependency */ = {
			isa = PBXTargetDependency;
			target = DE157F16282279C50081D7C3 /* Alamofire Kullanim */;
			targetProxy = DE157F2E282279C80081D7C3 /* PBXContainerItemProxy */;
		};
		DE157F39282279C80081D7C3 /* PBXTargetDependency */ = {
			isa = PBXTargetDependency;
			target = DE157F16282279C50081D7C3 /* Alamofire Kullanim */;
			targetProxy = DE157F38282279C80081D7C3 /* PBXContainerItemProxy */;
		};
/* End PBXTargetDependency section */

/* Begin PBXVariantGroup section */
		DE157F20282279C50081D7C3 /* Main.storyboard */ = {
			isa = PBXVariantGroup;
			children = (
				DE157F21282279C50081D7C3 /* Base */,
			);
			name = Main.storyboard;
			sourceTree = "<group>";
		};
		DE157F25282279C80081D7C3 /* LaunchScreen.storyboard */ = {
			isa = PBXVariantGroup;
			children = (
				DE157F26282279C80081D7C3 /* Base */,
			);
			name = LaunchScreen.storyboard;
			sourceTree = "<group>";
		};
/* End PBXVariantGroup section */

/* Begin XCBuildConfiguration section */
		DE157F3F282279C80081D7C3 /* Debug */ = {
			isa = XCBuildConfiguration;
			buildSettings = {
				ALWAYS_SEARCH_USER_PATHS = NO;
				CLANG_ANALYZER_NONNULL = YES;
				CLANG_ANALYZER_NUMBER_OBJECT_CONVERSION = YES_AGGRESSIVE;
				CLANG_CXX_LANGUAGE_STANDARD = "gnu++17";
				CLANG_CXX_LIBRARY = "libc++";
				CLANG_ENABLE_MODULES = YES;
				CLANG_ENABLE_OBJC_ARC = YES;
				CLANG_ENABLE_OBJC_WEAK = YES;
				CLANG_WARN_BLOCK_CAPTURE_AUTORELEASING = YES;
				CLANG_WARN_BOOL_CONVERSION = YES;
				CLANG_WARN_COMMA = YES;
				CLANG_WARN_CONSTANT_CONVERSION = YES;
				CLANG_WARN_DEPRECATED_OBJC_IMPLEMENTATIONS = YES;
				CLANG_WARN_DIRECT_OBJC_ISA_USAGE = YES_ERROR;
				CLANG_WARN_DOCUMENTATION_COMMENTS = YES;
				CLANG_WARN_EMPTY_BODY = YES;
				CLANG_WARN_ENUM_CONVERSION = YES;
				CLANG_WARN_INFINITE_RECURSION = YES;
				CLANG_WARN_INT_CONVERSION = YES;
				CLANG_WARN_NON_LITERAL_NULL_CONVERSION = YES;
				CLANG_WARN_OBJC_IMPLICIT_RETAIN_SELF = YES;
				CLANG_WARN_OBJC_LITERAL_CONVERSION = YES;
				CLANG_WARN_OBJC_ROOT_CLASS = YES_ERROR;
				CLANG_WARN_QUOTED_INCLUDE_IN_FRAMEWORK_HEADER = YES;
				CLANG_WARN_RANGE_LOOP_ANALYSIS = YES;
				CLANG_WARN_STRICT_PROTOTYPES = YES;
				CLANG_WARN_SUSPICIOUS_MOVE = YES;
				CLANG_WARN_UNGUARDED_AVAILABILITY = YES_AGGRESSIVE;
				CLANG_WARN_UNREACHABLE_CODE = YES;
				CLANG_WARN__DUPLICATE_METHOD_MATCH = YES;
				COPY_PHASE_STRIP = NO;
				DEBUG_INFORMATION_FORMAT = dwarf;
				ENABLE_STRICT_OBJC_MSGSEND = YES;
				ENABLE_TESTABILITY = YES;
				GCC_C_LANGUAGE_STANDARD = gnu11;
				GCC_DYNAMIC_NO_PIC = NO;
				GCC_NO_COMMON_BLOCKS = YES;
				GCC_OPTIMIZATION_LEVEL = 0;
				GCC_PREPROCESSOR_DEFINITIONS = (
					"DEBUG=1",
					"$(inherited)",
				);
				GCC_WARN_64_TO_32_BIT_CONVERSION = YES;
				GCC_WARN_ABOUT_RETURN_TYPE = YES_ERROR;
				GCC_WARN_UNDECLARED_SELECTOR = YES;
				GCC_WARN_UNINITIALIZED_AUTOS = YES_AGGRESSIVE;
				GCC_WARN_UNUSED_FUNCTION = YES;
				GCC_WARN_UNUSED_VARIABLE = YES;
				IPHONEOS_DEPLOYMENT_TARGET = 15.2;
				MTL_ENABLE_DEBUG_INFO = INCLUDE_SOURCE;
				MTL_FAST_MATH = YES;
				ONLY_ACTIVE_ARCH = YES;
				SDKROOT = iphoneos;
				SWIFT_ACTIVE_COMPILATION_CONDITIONS = DEBUG;
				SWIFT_OPTIMIZATION_LEVEL = "-Onone";
			};
			name = Debug;
		};
		DE157F40282279C80081D7C3 /* Release */ = {
			isa = XCBuildConfiguration;
			buildSettings = {
				ALWAYS_SEARCH_USER_PATHS = NO;
				CLANG_ANALYZER_NONNULL = YES;
				CLANG_ANALYZER_NUMBER_OBJECT_CONVERSION = YES_AGGRESSIVE;
				CLANG_CXX_LANGUAGE_STANDARD = "gnu++17";
				CLANG_CXX_LIBRARY = "libc++";
				CLANG_ENABLE_MODULES = YES;
				CLANG_ENABLE_OBJC_ARC = YES;
				CLANG_ENABLE_OBJC_WEAK = YES;
				CLANG_WARN_BLOCK_CAPTURE_AUTORELEASING = YES;
				CLANG_WARN_BOOL_CONVERSION = YES;
				CLANG_WARN_COMMA = YES;
				CLANG_WARN_CONSTANT_CONVERSION = YES;
				CLANG_WARN_DEPRECATED_OBJC_IMPLEMENTATIONS = YES;
				CLANG_WARN_DIRECT_OBJC_ISA_USAGE = YES_ERROR;
				CLANG_WARN_DOCUMENTATION_COMMENTS = YES;
				CLANG_WARN_EMPTY_BODY = YES;
				CLANG_WARN_ENUM_CONVERSION = YES;
				CLANG_WARN_INFINITE_RECURSION = YES;
				CLANG_WARN_INT_CONVERSION = YES;
				CLANG_WARN_NON_LITERAL_NULL_CONVERSION = YES;
				CLANG_WARN_OBJC_IMPLICIT_RETAIN_SELF = YES;
				CLANG_WARN_OBJC_LITERAL_CONVERSION = YES;
				CLANG_WARN_OBJC_ROOT_CLASS = YES_ERROR;
				CLANG_WARN_QUOTED_INCLUDE_IN_FRAMEWORK_HEADER = YES;
				CLANG_WARN_RANGE_LOOP_ANALYSIS = YES;
				CLANG_WARN_STRICT_PROTOTYPES = YES;
				CLANG_WARN_SUSPICIOUS_MOVE = YES;
				CLANG_WARN_UNGUARDED_AVAILABILITY = YES_AGGRESSIVE;
				CLANG_WARN_UNREACHABLE_CODE = YES;
				CLANG_WARN__DUPLICATE_METHOD_MATCH = YES;
				COPY_PHASE_STRIP = NO;
				DEBUG_INFORMATION_FORMAT = "dwarf-with-dsym";
				ENABLE_NS_ASSERTIONS = NO;
				ENABLE_STRICT_OBJC_MSGSEND = YES;
				GCC_C_LANGUAGE_STANDARD = gnu11;
				GCC_NO_COMMON_BLOCKS = YES;
				GCC_WARN_64_TO_32_BIT_CONVERSION = YES;
				GCC_WARN_ABOUT_RETURN_TYPE = YES_ERROR;
				GCC_WARN_UNDECLARED_SELECTOR = YES;
				GCC_WARN_UNINITIALIZED_AUTOS = YES_AGGRESSIVE;
				GCC_WARN_UNUSED_FUNCTION = YES;
				GCC_WARN_UNUSED_VARIABLE = YES;
				IPHONEOS_DEPLOYMENT_TARGET = 15.2;
				MTL_ENABLE_DEBUG_INFO = NO;
				MTL_FAST_MATH = YES;
				SDKROOT = iphoneos;
				SWIFT_COMPILATION_MODE = wholemodule;
				SWIFT_OPTIMIZATION_LEVEL = "-O";
				VALIDATE_PRODUCT = YES;
			};
			name = Release;
		};
		DE157F42282279C80081D7C3 /* Debug */ = {
			isa = XCBuildConfiguration;
			baseConfigurationReference = EE8FF3B1B82D973A8D2D3105 /* Pods-Alamofire Kullanim.debug.xcconfig */;
			buildSettings = {
				ASSETCATALOG_COMPILER_APPICON_NAME = AppIcon;
				ASSETCATALOG_COMPILER_GLOBAL_ACCENT_COLOR_NAME = AccentColor;
				CODE_SIGN_STYLE = Automatic;
				CURRENT_PROJECT_VERSION = 1;
				DEVELOPMENT_TEAM = 7CRNJ953YN;
				GENERATE_INFOPLIST_FILE = YES;
				INFOPLIST_FILE = "Alamofire Kullanim/Info.plist";
				INFOPLIST_KEY_UIApplicationSupportsIndirectInputEvents = YES;
				INFOPLIST_KEY_UILaunchStoryboardName = LaunchScreen;
				INFOPLIST_KEY_UIMainStoryboardFile = Main;
				INFOPLIST_KEY_UISupportedInterfaceOrientations_iPad = "UIInterfaceOrientationPortrait UIInterfaceOrientationPortraitUpsideDown UIInterfaceOrientationLandscapeLeft UIInterfaceOrientationLandscapeRight";
				INFOPLIST_KEY_UISupportedInterfaceOrientations_iPhone = "UIInterfaceOrientationPortrait UIInterfaceOrientationLandscapeLeft UIInterfaceOrientationLandscapeRight";
				LD_RUNPATH_SEARCH_PATHS = (
					"$(inherited)",
					"@executable_path/Frameworks",
				);
				MARKETING_VERSION = 1.0;
				PRODUCT_BUNDLE_IDENTIFIER = "com.omerKilicaslan.Alamofire-Kullanim";
				PRODUCT_NAME = "$(TARGET_NAME)";
				SWIFT_EMIT_LOC_STRINGS = YES;
				SWIFT_VERSION = 5.0;
				TARGETED_DEVICE_FAMILY = "1,2";
			};
			name = Debug;
		};
		DE157F43282279C80081D7C3 /* Release */ = {
			isa = XCBuildConfiguration;
			baseConfigurationReference = D1644AAADDC4C1D775626914 /* Pods-Alamofire Kullanim.release.xcconfig */;
			buildSettings = {
				ASSETCATALOG_COMPILER_APPICON_NAME = AppIcon;
				ASSETCATALOG_COMPILER_GLOBAL_ACCENT_COLOR_NAME = AccentColor;
				CODE_SIGN_STYLE = Automatic;
				CURRENT_PROJECT_VERSION = 1;
				DEVELOPMENT_TEAM = 7CRNJ953YN;
				GENERATE_INFOPLIST_FILE = YES;
				INFOPLIST_FILE = "Alamofire Kullanim/Info.plist";
				INFOPLIST_KEY_UIApplicationSupportsIndirectInputEvents = YES;
				INFOPLIST_KEY_UILaunchStoryboardName = LaunchScreen;
				INFOPLIST_KEY_UIMainStoryboardFile = Main;
				INFOPLIST_KEY_UISupportedInterfaceOrientations_iPad = "UIInterfaceOrientationPortrait UIInterfaceOrientationPortraitUpsideDown UIInterfaceOrientationLandscapeLeft UIInterfaceOrientationLandscapeRight";
				INFOPLIST_KEY_UISupportedInterfaceOrientations_iPhone = "UIInterfaceOrientationPortrait UIInterfaceOrientationLandscapeLeft UIInterfaceOrientationLandscapeRight";
				LD_RUNPATH_SEARCH_PATHS = (
					"$(inherited)",
					"@executable_path/Frameworks",
				);
				MARKETING_VERSION = 1.0;
				PRODUCT_BUNDLE_IDENTIFIER = "com.omerKilicaslan.Alamofire-Kullanim";
				PRODUCT_NAME = "$(TARGET_NAME)";
				SWIFT_EMIT_LOC_STRINGS = YES;
				SWIFT_VERSION = 5.0;
				TARGETED_DEVICE_FAMILY = "1,2";
			};
			name = Release;
		};
		DE157F45282279C80081D7C3 /* Debug */ = {
			isa = XCBuildConfiguration;
			baseConfigurationReference = B674B5B3B189C6739914DC77 /* Pods-Alamofire KullanimTests.debug.xcconfig */;
			buildSettings = {
				ALWAYS_EMBED_SWIFT_STANDARD_LIBRARIES = YES;
				BUNDLE_LOADER = "$(TEST_HOST)";
				CODE_SIGN_STYLE = Automatic;
				CURRENT_PROJECT_VERSION = 1;
				DEVELOPMENT_TEAM = 7CRNJ953YN;
				GENERATE_INFOPLIST_FILE = YES;
				IPHONEOS_DEPLOYMENT_TARGET = 15.2;
				MARKETING_VERSION = 1.0;
				PRODUCT_BUNDLE_IDENTIFIER = "com.omerKilicaslan.Alamofire-KullanimTests";
				PRODUCT_NAME = "$(TARGET_NAME)";
				SWIFT_EMIT_LOC_STRINGS = NO;
				SWIFT_VERSION = 5.0;
				TARGETED_DEVICE_FAMILY = "1,2";
				TEST_HOST = "$(BUILT_PRODUCTS_DIR)/Alamofire Kullanim.app/Alamofire Kullanim";
			};
			name = Debug;
		};
		DE157F46282279C80081D7C3 /* Release */ = {
			isa = XCBuildConfiguration;
			baseConfigurationReference = 033DAE199E56CF90FD78BD1F /* Pods-Alamofire KullanimTests.release.xcconfig */;
			buildSettings = {
				ALWAYS_EMBED_SWIFT_STANDARD_LIBRARIES = YES;
				BUNDLE_LOADER = "$(TEST_HOST)";
				CODE_SIGN_STYLE = Automatic;
				CURRENT_PROJECT_VERSION = 1;
				DEVELOPMENT_TEAM = 7CRNJ953YN;
				GENERATE_INFOPLIST_FILE = YES;
				IPHONEOS_DEPLOYMENT_TARGET = 15.2;
				MARKETING_VERSION = 1.0;
				PRODUCT_BUNDLE_IDENTIFIER = "com.omerKilicaslan.Alamofire-KullanimTests";
				PRODUCT_NAME = "$(TARGET_NAME)";
				SWIFT_EMIT_LOC_STRINGS = NO;
				SWIFT_VERSION = 5.0;
				TARGETED_DEVICE_FAMILY = "1,2";
				TEST_HOST = "$(BUILT_PRODUCTS_DIR)/Alamofire Kullanim.app/Alamofire Kullanim";
			};
			name = Release;
		};
		DE157F48282279C80081D7C3 /* Debug */ = {
			isa = XCBuildConfiguration;
			baseConfigurationReference = 826ACFB52510CDBC23912FB3 /* Pods-Alamofire Kullanim-Alamofire KullanimUITests.debug.xcconfig */;
			buildSettings = {
				ALWAYS_EMBED_SWIFT_STANDARD_LIBRARIES = YES;
				CODE_SIGN_STYLE = Automatic;
				CURRENT_PROJECT_VERSION = 1;
				DEVELOPMENT_TEAM = 7CRNJ953YN;
				GENERATE_INFOPLIST_FILE = YES;
				MARKETING_VERSION = 1.0;
				PRODUCT_BUNDLE_IDENTIFIER = "com.omerKilicaslan.Alamofire-KullanimUITests";
				PRODUCT_NAME = "$(TARGET_NAME)";
				SWIFT_EMIT_LOC_STRINGS = NO;
				SWIFT_VERSION = 5.0;
				TARGETED_DEVICE_FAMILY = "1,2";
				TEST_TARGET_NAME = "Alamofire Kullanim";
			};
			name = Debug;
		};
		DE157F49282279C80081D7C3 /* Release */ = {
			isa = XCBuildConfiguration;
			baseConfigurationReference = 92FCE51B276FB02FCB6DC118 /* Pods-Alamofire Kullanim-Alamofire KullanimUITests.release.xcconfig */;
			buildSettings = {
				ALWAYS_EMBED_SWIFT_STANDARD_LIBRARIES = YES;
				CODE_SIGN_STYLE = Automatic;
				CURRENT_PROJECT_VERSION = 1;
				DEVELOPMENT_TEAM = 7CRNJ953YN;
				GENERATE_INFOPLIST_FILE = YES;
				MARKETING_VERSION = 1.0;
				PRODUCT_BUNDLE_IDENTIFIER = "com.omerKilicaslan.Alamofire-KullanimUITests";
				PRODUCT_NAME = "$(TARGET_NAME)";
				SWIFT_EMIT_LOC_STRINGS = NO;
				SWIFT_VERSION = 5.0;
				TARGETED_DEVICE_FAMILY = "1,2";
				TEST_TARGET_NAME = "Alamofire Kullanim";
			};
			name = Release;
		};
/* End XCBuildConfiguration section */

/* Begin XCConfigurationList section */
		DE157F12282279C50081D7C3 /* Build configuration list for PBXProject "Alamofire Kullanim" */ = {
			isa = XCConfigurationList;
			buildConfigurations = (
				DE157F3F282279C80081D7C3 /* Debug */,
				DE157F40282279C80081D7C3 /* Release */,
			);
			defaultConfigurationIsVisible = 0;
			defaultConfigurationName = Release;
		};
		DE157F41282279C80081D7C3 /* Build configuration list for PBXNativeTarget "Alamofire Kullanim" */ = {
			isa = XCConfigurationList;
			buildConfigurations = (
				DE157F42282279C80081D7C3 /* Debug */,
				DE157F43282279C80081D7C3 /* Release */,
			);
			defaultConfigurationIsVisible = 0;
			defaultConfigurationName = Release;
		};
		DE157F44282279C80081D7C3 /* Build configuration list for PBXNativeTarget "Alamofire KullanimTests" */ = {
			isa = XCConfigurationList;
			buildConfigurations = (
				DE157F45282279C80081D7C3 /* Debug */,
				DE157F46282279C80081D7C3 /* Release */,
			);
			defaultConfigurationIsVisible = 0;
			defaultConfigurationName = Release;
		};
		DE157F47282279C80081D7C3 /* Build configuration list for PBXNativeTarget "Alamofire KullanimUITests" */ = {
			isa = XCConfigurationList;
			buildConfigurations = (
				DE157F48282279C80081D7C3 /* Debug */,
				DE157F49282279C80081D7C3 /* Release */,
			);
			defaultConfigurationIsVisible = 0;
			defaultConfigurationName = Release;
		};
/* End XCConfigurationList section */
	};
	rootObject = DE157F0F282279C50081D7C3 /* Project object */;
}
